{
  "name": "rx-flipper",
  "version": "1.0.0",
  "lockfileVersion": 1,
  "requires": true,
  "dependencies": {
    "@types/node": {
      "version": "9.6.7",
      "resolved": "http://rchrepository.service.raiffeisen.ch:8081/repository/rch-npm-group/@types/node/-/node-9.6.7.tgz",
      "integrity": "sha512-MuUfEDBrQ/hb7KOqMiDeItAuRxlilQUgNRthTSCU4HgilH8UBh7wiHxWrv/lcyHyFZcREaODVVRNrAunphVwlg=="
    },
    "rxjs": {
      "version": "6.0.0",
      "resolved": "http://rchrepository.service.raiffeisen.ch:8081/repository/rch-npm-group/rxjs/-/rxjs-6.0.0.tgz",
      "integrity": "sha512-2MgLQr1zvks8+Kip4T6hcJdiBhV+SIvxguoWjhwtSpNPTp/5e09HJbgclCwR/nW0yWzhubM+6Q0prl8G5RuoBA==",
      "requires": {
        "tslib": "1.9.0"
      }
    },
    "tslib": {
      "version": "1.9.0",
      "resolved": "http://rchrepository.service.raiffeisen.ch:8081/repository/rch-npm-group/tslib/-/tslib-1.9.0.tgz",
      "integrity": "sha512-f/qGG2tUkrISBlQZEjEqoZ3B2+npJjIf04H1wuAv9iA8i04Icp+61KRXxFdha22670NJopsZCIjhC3SnjPRKrQ=="
    },
    "typescript": {
      "version": "2.8.3",
      "resolved": "http://rchrepository.service.raiffeisen.ch:8081/repository/rch-npm-group/typescript/-/typescript-2.8.3.tgz",
      "integrity": "sha512-K7g15Bb6Ra4lKf7Iq2l/I5/En+hLIHmxWZGq3D4DIRNFxMNV6j2SHSvDOqs2tGd4UvD/fJvrwopzQXjLrT7Itw=="
    }
  }
}
